
Microsoft Visual Studio Solution File, Format Version 12.00
# Visual Studio Version 17
VisualStudioVersion = 17.2.32630.192
MinimumVisualStudioVersion = 10.0.40219.1
Project("{9A19103F-16F7-4668-BE54-9A1E7A4F7556}") = "BookAPI", "bookapi\BookAPI.csproj", "{1AD3C547-BDF9-4BF5-8358-0556229F659F}"
EndProject
Project("{9A19103F-16F7-4668-BE54-9A1E7A4F7556}") = "organization", "organization\organization.csproj", "{B31A10D7-2823-48A4-9F48-6C3AA8E9FA4F}"
EndProject
Global
	GlobalSection(SolutionConfigurationPlatforms) = preSolution
		Debug|Any CPU = Debug|Any CPU
		Release|Any CPU = Release|Any CPU
	EndGlobalSection
	GlobalSection(ProjectConfigurationPlatforms) = postSolution
		{1AD3C547-BDF9-4BF5-8358-0556229F659F}.Debug|Any CPU.ActiveCfg = Debug|Any CPU
		{1AD3C547-BDF9-4BF5-8358-0556229F659F}.Debug|Any CPU.Build.0 = Debug|Any CPU
		{1AD3C547-BDF9-4BF5-8358-0556229F659F}.Release|Any CPU.ActiveCfg = Release|Any CPU
		{1AD3C547-BDF9-4BF5-8358-0556229F659F}.Release|Any CPU.Build.0 = Release|Any CPU
		{B31A10D7-2823-48A4-9F48-6C3AA8E9FA4F}.Debug|Any CPU.ActiveCfg = Debug|Any CPU
		{B31A10D7-2823-48A4-9F48-6C3AA8E9FA4F}.Debug|Any CPU.Build.0 = Debug|Any CPU
		{B31A10D7-2823-48A4-9F48-6C3AA8E9FA4F}.Release|Any CPU.ActiveCfg = Release|Any CPU
		{B31A10D7-2823-48A4-9F48-6C3AA8E9FA4F}.Release|Any CPU.Build.0 = Release|Any CPU
	EndGlobalSection
	GlobalSection(SolutionProperties) = preSolution
		HideSolutionNode = FALSE
	EndGlobalSection
	GlobalSection(ExtensibilityGlobals) = postSolution
		SolutionGuid = {EFE9A28A-A862-45D7-B572-DEFAE99B5406}
	EndGlobalSection
EndGlobal
